
Microsoft Visual Studio Solution File, Format Version 12.00
# Visual Studio Version 16
VisualStudioVersion = 16.0.31829.152
MinimumVisualStudioVersion = 10.0.40219.1
Project("{9A19103F-16F7-4668-BE54-9A1E7A4F7556}") = "BlazorMUCsrv", "BlazorMUCsrv\BlazorMUCsrv.csproj", "{6BD41267-1FF7-428F-8173-09A0634363C1}"
EndProject
Project("{FAE04EC0-301F-11D3-BF4B-00C04F79EFBC}") = "RazorClassLibrary1", "RazorClassLibrary1\RazorClassLibrary1.csproj", "{CC823A27-24BB-4EB9-B086-F3107FB1EF2D}"
EndProject
Global
	GlobalSection(SolutionConfigurationPlatforms) = preSolution
		Debug|Any CPU = Debug|Any CPU
		Release|Any CPU = Release|Any CPU
	EndGlobalSection
	GlobalSection(ProjectConfigurationPlatforms) = postSolution
		{6BD41267-1FF7-428F-8173-09A0634363C1}.Debug|Any CPU.ActiveCfg = Debug|Any CPU
		{6BD41267-1FF7-428F-8173-09A0634363C1}.Debug|Any CPU.Build.0 = Debug|Any CPU
		{6BD41267-1FF7-428F-8173-09A0634363C1}.Release|Any CPU.ActiveCfg = Release|Any CPU
		{6BD41267-1FF7-428F-8173-09A0634363C1}.Release|Any CPU.Build.0 = Release|Any CPU
		{CC823A27-24BB-4EB9-B086-F3107FB1EF2D}.Debug|Any CPU.ActiveCfg = Debug|Any CPU
		{CC823A27-24BB-4EB9-B086-F3107FB1EF2D}.Debug|Any CPU.Build.0 = Debug|Any CPU
		{CC823A27-24BB-4EB9-B086-F3107FB1EF2D}.Release|Any CPU.ActiveCfg = Release|Any CPU
		{CC823A27-24BB-4EB9-B086-F3107FB1EF2D}.Release|Any CPU.Build.0 = Release|Any CPU
	EndGlobalSection
	GlobalSection(SolutionProperties) = preSolution
		HideSolutionNode = FALSE
	EndGlobalSection
	GlobalSection(ExtensibilityGlobals) = postSolution
		SolutionGuid = {80A23E8B-BBCE-491D-A777-92E9D2A95AE7}
	EndGlobalSection
EndGlobal
